// !$*UTF8*$!
{
	archiveVersion = 1;
	classes = {
	};
	objectVersion = 50;
	objects = {

/* Begin PBXBuildFile section */
		3AE89075224D1B9800D08E99 /* BellmanBindings_iOS.framework in Frameworks */ = {isa = PBXBuildFile; fileRef = 3AE8906B224D1B9700D08E99 /* BellmanBindings_iOS.framework */; };
		3AE8907A224D1B9800D08E99 /* BellmanBindingsTests.swift in Sources */ = {isa = PBXBuildFile; fileRef = 3AE89079224D1B9800D08E99 /* BellmanBindingsTests.swift */; };
		3AE8907C224D1B9800D08E99 /* BellmanBindings.h in Headers */ = {isa = PBXBuildFile; fileRef = 3AE8906E224D1B9700D08E99 /* BellmanBindings.h */; settings = {ATTRIBUTES = (Public, ); }; };
		3AE890A3224D1FB000D08E99 /* libbellman_bindings.a in Frameworks */ = {isa = PBXBuildFile; fileRef = 3AE890A2224D1FB000D08E99 /* libbellman_bindings.a */; };
		3AE890A5224D1FBB00D08E99 /* libresolv.tbd in Frameworks */ = {isa = PBXBuildFile; fileRef = 3AE890A4224D1FBB00D08E99 /* libresolv.tbd */; };
		3AE890AD224D202900D08E99 /* BellmanBindings-Bridging-Header.h in Headers */ = {isa = PBXBuildFile; fileRef = 3AE890AC224D202900D08E99 /* BellmanBindings-Bridging-Header.h */; };
		3AE890B2224D230200D08E99 /* StringProtocolExtension.swift in Sources */ = {isa = PBXBuildFile; fileRef = 3AE890B1224D230200D08E99 /* StringProtocolExtension.swift */; };
		3AE890B5224D232500D08E99 /* Verifier.swift in Sources */ = {isa = PBXBuildFile; fileRef = 3AE890B4224D232500D08E99 /* Verifier.swift */; };
		3AE890BB224D257F00D08E99 /* verifier.h in Headers */ = {isa = PBXBuildFile; fileRef = 3AE890B8224D257F00D08E99 /* verifier.h */; };
/* End PBXBuildFile section */

/* Begin PBXContainerItemProxy section */
		3AE89076224D1B9800D08E99 /* PBXContainerItemProxy */ = {
			isa = PBXContainerItemProxy;
			containerPortal = 3AE89062224D1B9700D08E99 /* Project object */;
			proxyType = 1;
			remoteGlobalIDString = 3AE8906A224D1B9700D08E99;
			remoteInfo = BellmanBindings;
		};
/* End PBXContainerItemProxy section */

/* Begin PBXFileReference section */
		3AE8906B224D1B9700D08E99 /* BellmanBindings_iOS.framework */ = {isa = PBXFileReference; explicitFileType = wrapper.framework; includeInIndex = 0; path = BellmanBindings_iOS.framework; sourceTree = BUILT_PRODUCTS_DIR; };
		3AE8906E224D1B9700D08E99 /* BellmanBindings.h */ = {isa = PBXFileReference; lastKnownFileType = sourcecode.c.h; path = BellmanBindings.h; sourceTree = "<group>"; };
		3AE8906F224D1B9700D08E99 /* Info.plist */ = {isa = PBXFileReference; lastKnownFileType = text.plist.xml; path = Info.plist; sourceTree = "<group>"; };
		3AE89074224D1B9800D08E99 /* BellmanBindingsTests-iOS.xctest */ = {isa = PBXFileReference; explicitFileType = wrapper.cfbundle; includeInIndex = 0; path = "BellmanBindingsTests-iOS.xctest"; sourceTree = BUILT_PRODUCTS_DIR; };
		3AE89079224D1B9800D08E99 /* BellmanBindingsTests.swift */ = {isa = PBXFileReference; lastKnownFileType = sourcecode.swift; path = BellmanBindingsTests.swift; sourceTree = "<group>"; };
		3AE8907B224D1B9800D08E99 /* Info.plist */ = {isa = PBXFileReference; lastKnownFileType = text.plist.xml; path = Info.plist; sourceTree = "<group>"; };
		3AE890A2224D1FB000D08E99 /* libbellman_bindings.a */ = {isa = PBXFileReference; lastKnownFileType = archive.ar; name = libbellman_bindings.a; path = ../../cargo/target/universal/release/libbellman_bindings.a; sourceTree = "<group>"; };
		3AE890A4224D1FBB00D08E99 /* libresolv.tbd */ = {isa = PBXFileReference; lastKnownFileType = "sourcecode.text-based-dylib-definition"; name = libresolv.tbd; path = usr/lib/libresolv.tbd; sourceTree = SDKROOT; };
		3AE890AC224D202900D08E99 /* BellmanBindings-Bridging-Header.h */ = {isa = PBXFileReference; lastKnownFileType = sourcecode.c.h; path = "BellmanBindings-Bridging-Header.h"; sourceTree = "<group>"; };
		3AE890B1224D230200D08E99 /* StringProtocolExtension.swift */ = {isa = PBXFileReference; lastKnownFileType = sourcecode.swift; path = StringProtocolExtension.swift; sourceTree = "<group>"; };
		3AE890B4224D232500D08E99 /* Verifier.swift */ = {isa = PBXFileReference; lastKnownFileType = sourcecode.swift; path = Verifier.swift; sourceTree = "<group>"; };
		3AE890B8224D257F00D08E99 /* verifier.h */ = {isa = PBXFileReference; fileEncoding = 4; lastKnownFileType = sourcecode.c.h; name = verifier.h; path = ../../../cargo/headers/verifier.h; sourceTree = "<group>"; };
/* End PBXFileReference section */

/* Begin PBXFrameworksBuildPhase section */
		3AE89068224D1B9700D08E99 /* Frameworks */ = {
			isa = PBXFrameworksBuildPhase;
			buildActionMask = 2147483647;
			files = (
				3AE890A5224D1FBB00D08E99 /* libresolv.tbd in Frameworks */,
				3AE890A3224D1FB000D08E99 /* libbellman_bindings.a in Frameworks */,
			);
			runOnlyForDeploymentPostprocessing = 0;
		};
		3AE89071224D1B9800D08E99 /* Frameworks */ = {
			isa = PBXFrameworksBuildPhase;
			buildActionMask = 2147483647;
			files = (
				3AE89075224D1B9800D08E99 /* BellmanBindings_iOS.framework in Frameworks */,
			);
			runOnlyForDeploymentPostprocessing = 0;
		};
/* End PBXFrameworksBuildPhase section */

/* Begin PBXGroup section */
		3AE89061224D1B9700D08E99 = {
			isa = PBXGroup;
			children = (
				3AE8906D224D1B9700D08E99 /* BellmanBindings */,
				3AE89078224D1B9800D08E99 /* BellmanBindingsTests */,
				3AE8906C224D1B9700D08E99 /* Products */,
				3AE890A1224D1FB000D08E99 /* Frameworks */,
			);
			sourceTree = "<group>";
		};
		3AE8906C224D1B9700D08E99 /* Products */ = {
			isa = PBXGroup;
			children = (
				3AE8906B224D1B9700D08E99 /* BellmanBindings_iOS.framework */,
				3AE89074224D1B9800D08E99 /* BellmanBindingsTests-iOS.xctest */,
			);
			name = Products;
			sourceTree = "<group>";
		};
		3AE8906D224D1B9700D08E99 /* BellmanBindings */ = {
			isa = PBXGroup;
			children = (
				3AE890B1224D230200D08E99 /* StringProtocolExtension.swift */,
				3AE890B4224D232500D08E99 /* Verifier.swift */,
				3AE890B8224D257F00D08E99 /* verifier.h */,
				3AE890AC224D202900D08E99 /* BellmanBindings-Bridging-Header.h */,
				3AE8906E224D1B9700D08E99 /* BellmanBindings.h */,
				3AE8906F224D1B9700D08E99 /* Info.plist */,
			);
			path = BellmanBindings;
			sourceTree = "<group>";
		};
		3AE89078224D1B9800D08E99 /* BellmanBindingsTests */ = {
			isa = PBXGroup;
			children = (
				3AE89079224D1B9800D08E99 /* BellmanBindingsTests.swift */,
				3AE8907B224D1B9800D08E99 /* Info.plist */,
			);
			path = BellmanBindingsTests;
			sourceTree = "<group>";
		};
		3AE890A1224D1FB000D08E99 /* Frameworks */ = {
			isa = PBXGroup;
			children = (
				3AE890A4224D1FBB00D08E99 /* libresolv.tbd */,
				3AE890A2224D1FB000D08E99 /* libbellman_bindings.a */,
			);
			name = Frameworks;
			sourceTree = "<group>";
		};
/* End PBXGroup section */

/* Begin PBXHeadersBuildPhase section */
		3AE89066224D1B9700D08E99 /* Headers */ = {
			isa = PBXHeadersBuildPhase;
			buildActionMask = 2147483647;
			files = (
				3AE8907C224D1B9800D08E99 /* BellmanBindings.h in Headers */,
				3AE890BB224D257F00D08E99 /* verifier.h in Headers */,
				3AE890AD224D202900D08E99 /* BellmanBindings-Bridging-Header.h in Headers */,
			);
			runOnlyForDeploymentPostprocessing = 0;
		};
/* End PBXHeadersBuildPhase section */

/* Begin PBXNativeTarget section */
		3AE8906A224D1B9700D08E99 /* BellmanBindings-iOS */ = {
			isa = PBXNativeTarget;
			buildConfigurationList = 3AE8907F224D1B9800D08E99 /* Build configuration list for PBXNativeTarget "BellmanBindings-iOS" */;
			buildPhases = (
				3AE89066224D1B9700D08E99 /* Headers */,
				3AE89067224D1B9700D08E99 /* Sources */,
				3AE89068224D1B9700D08E99 /* Frameworks */,
				3AE89069224D1B9700D08E99 /* Resources */,
			);
			buildRules = (
			);
			dependencies = (
			);
			name = "BellmanBindings-iOS";
			productName = BellmanBindings;
			productReference = 3AE8906B224D1B9700D08E99 /* BellmanBindings_iOS.framework */;
			productType = "com.apple.product-type.framework";
		};
		3AE89073224D1B9800D08E99 /* BellmanBindingsTests-iOS */ = {
			isa = PBXNativeTarget;
			buildConfigurationList = 3AE89082224D1B9800D08E99 /* Build configuration list for PBXNativeTarget "BellmanBindingsTests-iOS" */;
			buildPhases = (
				3AE89070224D1B9800D08E99 /* Sources */,
				3AE89071224D1B9800D08E99 /* Frameworks */,
				3AE89072224D1B9800D08E99 /* Resources */,
			);
			buildRules = (
			);
			dependencies = (
				3AE89077224D1B9800D08E99 /* PBXTargetDependency */,
			);
			name = "BellmanBindingsTests-iOS";
			productName = BellmanBindingsTests;
			productReference = 3AE89074224D1B9800D08E99 /* BellmanBindingsTests-iOS.xctest */;
			productType = "com.apple.product-type.bundle.unit-test";
		};
/* End PBXNativeTarget section */

/* Begin PBXProject section */
		3AE89062224D1B9700D08E99 /* Project object */ = {
			isa = PBXProject;
			attributes = {
				LastSwiftUpdateCheck = 1020;
				LastUpgradeCheck = 1020;
				ORGANIZATIONNAME = TheMatter;
				TargetAttributes = {
					3AE8906A224D1B9700D08E99 = {
						CreatedOnToolsVersion = 10.2;
						LastSwiftMigration = 1020;
					};
					3AE89073224D1B9800D08E99 = {
						CreatedOnToolsVersion = 10.2;
					};
				};
			};
			buildConfigurationList = 3AE89065224D1B9700D08E99 /* Build configuration list for PBXProject "BellmanBindings" */;
			compatibilityVersion = "Xcode 9.3";
			developmentRegion = en;
			hasScannedForEncodings = 0;
			knownRegions = (
				en,
			);
			mainGroup = 3AE89061224D1B9700D08E99;
			productRefGroup = 3AE8906C224D1B9700D08E99 /* Products */;
			projectDirPath = "";
			projectRoot = "";
			targets = (
				3AE8906A224D1B9700D08E99 /* BellmanBindings-iOS */,
				3AE89073224D1B9800D08E99 /* BellmanBindingsTests-iOS */,
			);
		};
/* End PBXProject section */

/* Begin PBXResourcesBuildPhase section */
		3AE89069224D1B9700D08E99 /* Resources */ = {
			isa = PBXResourcesBuildPhase;
			buildActionMask = 2147483647;
			files = (
			);
			runOnlyForDeploymentPostprocessing = 0;
		};
		3AE89072224D1B9800D08E99 /* Resources */ = {
			isa = PBXResourcesBuildPhase;
			buildActionMask = 2147483647;
			files = (
			);
			runOnlyForDeploymentPostprocessing = 0;
		};
/* End PBXResourcesBuildPhase section */

/* Begin PBXSourcesBuildPhase section */
		3AE89067224D1B9700D08E99 /* Sources */ = {
			isa = PBXSourcesBuildPhase;
			buildActionMask = 2147483647;
			files = (
				3AE890B2224D230200D08E99 /* StringProtocolExtension.swift in Sources */,
				3AE890B5224D232500D08E99 /* Verifier.swift in Sources */,
			);
			runOnlyForDeploymentPostprocessing = 0;
		};
		3AE89070224D1B9800D08E99 /* Sources */ = {
			isa = PBXSourcesBuildPhase;
			buildActionMask = 2147483647;
			files = (
				3AE8907A224D1B9800D08E99 /* BellmanBindingsTests.swift in Sources */,
			);
			runOnlyForDeploymentPostprocessing = 0;
		};
/* End PBXSourcesBuildPhase section */

/* Begin PBXTargetDependency section */
		3AE89077224D1B9800D08E99 /* PBXTargetDependency */ = {
			isa = PBXTargetDependency;
			target = 3AE8906A224D1B9700D08E99 /* BellmanBindings-iOS */;
			targetProxy = 3AE89076224D1B9800D08E99 /* PBXContainerItemProxy */;
		};
/* End PBXTargetDependency section */

/* Begin XCBuildConfiguration section */
		3AE8907D224D1B9800D08E99 /* Debug */ = {
			isa = XCBuildConfiguration;
			buildSettings = {
				ALWAYS_SEARCH_USER_PATHS = NO;
				CLANG_ANALYZER_NONNULL = YES;
				CLANG_ANALYZER_NUMBER_OBJECT_CONVERSION = YES_AGGRESSIVE;
				CLANG_CXX_LANGUAGE_STANDARD = "gnu++14";
				CLANG_CXX_LIBRARY = "libc++";
				CLANG_ENABLE_MODULES = YES;
				CLANG_ENABLE_OBJC_ARC = YES;
				CLANG_ENABLE_OBJC_WEAK = YES;
				CLANG_WARN_BLOCK_CAPTURE_AUTORELEASING = YES;
				CLANG_WARN_BOOL_CONVERSION = YES;
				CLANG_WARN_COMMA = YES;
				CLANG_WARN_CONSTANT_CONVERSION = YES;
				CLANG_WARN_DEPRECATED_OBJC_IMPLEMENTATIONS = YES;
				CLANG_WARN_DIRECT_OBJC_ISA_USAGE = YES_ERROR;
				CLANG_WARN_DOCUMENTATION_COMMENTS = YES;
				CLANG_WARN_EMPTY_BODY = YES;
				CLANG_WARN_ENUM_CONVERSION = YES;
				CLANG_WARN_INFINITE_RECURSION = YES;
				CLANG_WARN_INT_CONVERSION = YES;
				CLANG_WARN_NON_LITERAL_NULL_CONVERSION = YES;
				CLANG_WARN_OBJC_IMPLICIT_RETAIN_SELF = YES;
				CLANG_WARN_OBJC_LITERAL_CONVERSION = YES;
				CLANG_WARN_OBJC_ROOT_CLASS = YES_ERROR;
				CLANG_WARN_RANGE_LOOP_ANALYSIS = YES;
				CLANG_WARN_STRICT_PROTOTYPES = YES;
				CLANG_WARN_SUSPICIOUS_MOVE = YES;
				CLANG_WARN_UNGUARDED_AVAILABILITY = YES_AGGRESSIVE;
				CLANG_WARN_UNREACHABLE_CODE = YES;
				CLANG_WARN__DUPLICATE_METHOD_MATCH = YES;
				CODE_SIGN_IDENTITY = "iPhone Developer";
				COPY_PHASE_STRIP = NO;
				CURRENT_PROJECT_VERSION = 1;
				DEBUG_INFORMATION_FORMAT = dwarf;
				ENABLE_STRICT_OBJC_MSGSEND = YES;
				ENABLE_TESTABILITY = YES;
				GCC_C_LANGUAGE_STANDARD = gnu11;
				GCC_DYNAMIC_NO_PIC = NO;
				GCC_NO_COMMON_BLOCKS = YES;
				GCC_OPTIMIZATION_LEVEL = 0;
				GCC_PREPROCESSOR_DEFINITIONS = (
					"DEBUG=1",
					"$(inherited)",
				);
				GCC_WARN_64_TO_32_BIT_CONVERSION = YES;
				GCC_WARN_ABOUT_RETURN_TYPE = YES_ERROR;
				GCC_WARN_UNDECLARED_SELECTOR = YES;
				GCC_WARN_UNINITIALIZED_AUTOS = YES_AGGRESSIVE;
				GCC_WARN_UNUSED_FUNCTION = YES;
				GCC_WARN_UNUSED_VARIABLE = YES;
				IPHONEOS_DEPLOYMENT_TARGET = 12.2;
				MTL_ENABLE_DEBUG_INFO = INCLUDE_SOURCE;
				MTL_FAST_MATH = YES;
				ONLY_ACTIVE_ARCH = YES;
				SDKROOT = iphoneos;
				SWIFT_ACTIVE_COMPILATION_CONDITIONS = DEBUG;
				SWIFT_OPTIMIZATION_LEVEL = "-Onone";
				VERSIONING_SYSTEM = "apple-generic";
				VERSION_INFO_PREFIX = "";
			};
			name = Debug;
		};
		3AE8907E224D1B9800D08E99 /* Release */ = {
			isa = XCBuildConfiguration;
			buildSettings = {
				ALWAYS_SEARCH_USER_PATHS = NO;
				CLANG_ANALYZER_NONNULL = YES;
				CLANG_ANALYZER_NUMBER_OBJECT_CONVERSION = YES_AGGRESSIVE;
				CLANG_CXX_LANGUAGE_STANDARD = "gnu++14";
				CLANG_CXX_LIBRARY = "libc++";
				CLANG_ENABLE_MODULES = YES;
				CLANG_ENABLE_OBJC_ARC = YES;
				CLANG_ENABLE_OBJC_WEAK = YES;
				CLANG_WARN_BLOCK_CAPTURE_AUTORELEASING = YES;
				CLANG_WARN_BOOL_CONVERSION = YES;
				CLANG_WARN_COMMA = YES;
				CLANG_WARN_CONSTANT_CONVERSION = YES;
				CLANG_WARN_DEPRECATED_OBJC_IMPLEMENTATIONS = YES;
				CLANG_WARN_DIRECT_OBJC_ISA_USAGE = YES_ERROR;
				CLANG_WARN_DOCUMENTATION_COMMENTS = YES;
				CLANG_WARN_EMPTY_BODY = YES;
				CLANG_WARN_ENUM_CONVERSION = YES;
				CLANG_WARN_INFINITE_RECURSION = YES;
				CLANG_WARN_INT_CONVERSION = YES;
				CLANG_WARN_NON_LITERAL_NULL_CONVERSION = YES;
				CLANG_WARN_OBJC_IMPLICIT_RETAIN_SELF = YES;
				CLANG_WARN_OBJC_LITERAL_CONVERSION = YES;
				CLANG_WARN_OBJC_ROOT_CLASS = YES_ERROR;
				CLANG_WARN_RANGE_LOOP_ANALYSIS = YES;
				CLANG_WARN_STRICT_PROTOTYPES = YES;
				CLANG_WARN_SUSPICIOUS_MOVE = YES;
				CLANG_WARN_UNGUARDED_AVAILABILITY = YES_AGGRESSIVE;
				CLANG_WARN_UNREACHABLE_CODE = YES;
				CLANG_WARN__DUPLICATE_METHOD_MATCH = YES;
				CODE_SIGN_IDENTITY = "iPhone Developer";
				COPY_PHASE_STRIP = NO;
				CURRENT_PROJECT_VERSION = 1;
				DEBUG_INFORMATION_FORMAT = "dwarf-with-dsym";
				ENABLE_NS_ASSERTIONS = NO;
				ENABLE_STRICT_OBJC_MSGSEND = YES;
				GCC_C_LANGUAGE_STANDARD = gnu11;
				GCC_NO_COMMON_BLOCKS = YES;
				GCC_WARN_64_TO_32_BIT_CONVERSION = YES;
				GCC_WARN_ABOUT_RETURN_TYPE = YES_ERROR;
				GCC_WARN_UNDECLARED_SELECTOR = YES;
				GCC_WARN_UNINITIALIZED_AUTOS = YES_AGGRESSIVE;
				GCC_WARN_UNUSED_FUNCTION = YES;
				GCC_WARN_UNUSED_VARIABLE = YES;
				IPHONEOS_DEPLOYMENT_TARGET = 12.2;
				MTL_ENABLE_DEBUG_INFO = NO;
				MTL_FAST_MATH = YES;
				SDKROOT = iphoneos;
				SWIFT_COMPILATION_MODE = wholemodule;
				SWIFT_OPTIMIZATION_LEVEL = "-O";
				VALIDATE_PRODUCT = YES;
				VERSIONING_SYSTEM = "apple-generic";
				VERSION_INFO_PREFIX = "";
			};
			name = Release;
		};
		3AE89080224D1B9800D08E99 /* Debug */ = {
			isa = XCBuildConfiguration;
			buildSettings = {
				CLANG_ENABLE_MODULES = YES;
				CODE_SIGN_IDENTITY = "";
				CODE_SIGN_STYLE = Automatic;
				DEFINES_MODULE = YES;
				DEVELOPMENT_TEAM = 8DB897QKJA;
				DYLIB_COMPATIBILITY_VERSION = 1;
				DYLIB_CURRENT_VERSION = 1;
				DYLIB_INSTALL_NAME_BASE = "@rpath";
				HEADER_SEARCH_PATHS = "$(PROJECT_DIR)/../../cargo/headers";
				INFOPLIST_FILE = BellmanBindings/Info.plist;
				INSTALL_PATH = "$(LOCAL_LIBRARY_DIR)/Frameworks";
				LD_RUNPATH_SEARCH_PATHS = (
					"$(inherited)",
					"@executable_path/Frameworks",
					"@loader_path/Frameworks",
				);
				LIBRARY_SEARCH_PATHS = "$(PROJECT_DIR)/../../cargo/target/universal/release";
				PRODUCT_BUNDLE_IDENTIFIER = "inc.matter-labs.BellmanBindings";
				PRODUCT_NAME = "$(TARGET_NAME:c99extidentifier)";
				SKIP_INSTALL = YES;
				SWIFT_OBJC_BRIDGING_HEADER = "$(PROJECT_DIR)/../../cargo/headers/verifier.h";
				SWIFT_OPTIMIZATION_LEVEL = "-Onone";
				SWIFT_VERSION = 5.0;
				TARGETED_DEVICE_FAMILY = "1,2";
				USER_HEADER_SEARCH_PATHS = "";
			};
			name = Debug;
		};
		3AE89081224D1B9800D08E99 /* Release */ = {
			isa = XCBuildConfiguration;
			buildSettings = {
				CLANG_ENABLE_MODULES = YES;
				CODE_SIGN_IDENTITY = "";
				CODE_SIGN_STYLE = Automatic;
				DEFINES_MODULE = YES;
				DEVELOPMENT_TEAM = 8DB897QKJA;
				DYLIB_COMPATIBILITY_VERSION = 1;
				DYLIB_CURRENT_VERSION = 1;
				DYLIB_INSTALL_NAME_BASE = "@rpath";
				HEADER_SEARCH_PATHS = "$(PROJECT_DIR)/../../cargo/headers";
				INFOPLIST_FILE = BellmanBindings/Info.plist;
				INSTALL_PATH = "$(LOCAL_LIBRARY_DIR)/Frameworks";
				LD_RUNPATH_SEARCH_PATHS = (
					"$(inherited)",
					"@executable_path/Frameworks",
					"@loader_path/Frameworks",
				);
				LIBRARY_SEARCH_PATHS = "$(PROJECT_DIR)/../../cargo/target/universal/release";
				PRODUCT_BUNDLE_IDENTIFIER = "inc.matter-labs.BellmanBindings";
				PRODUCT_NAME = "$(TARGET_NAME:c99extidentifier)";
				SKIP_INSTALL = YES;
				SWIFT_OBJC_BRIDGING_HEADER = "$(PROJECT_DIR)/../../cargo/headers/verifier.h";
				SWIFT_VERSION = 5.0;
				TARGETED_DEVICE_FAMILY = "1,2";
				USER_HEADER_SEARCH_PATHS = "";
			};
			name = Release;
		};
		3AE89083224D1B9800D08E99 /* Debug */ = {
			isa = XCBuildConfiguration;
			buildSettings = {
				ALWAYS_EMBED_SWIFT_STANDARD_LIBRARIES = YES;
				CODE_SIGN_STYLE = Automatic;
				DEVELOPMENT_TEAM = 8DB897QKJA;
				INFOPLIST_FILE = BellmanBindingsTests/Info.plist;
				LD_RUNPATH_SEARCH_PATHS = (
					"$(inherited)",
					"@executable_path/Frameworks",
					"@loader_path/Frameworks",
				);
				PRODUCT_BUNDLE_IDENTIFIER = "inc.matter-labs.BellmanBindingsTests";
				PRODUCT_NAME = "$(TARGET_NAME)";
				SWIFT_VERSION = 5.0;
				TARGETED_DEVICE_FAMILY = "1,2";
			};
			name = Debug;
		};
		3AE89084224D1B9800D08E99 /* Release */ = {
			isa = XCBuildConfiguration;
			buildSettings = {
				ALWAYS_EMBED_SWIFT_STANDARD_LIBRARIES = YES;
				CODE_SIGN_STYLE = Automatic;
				DEVELOPMENT_TEAM = 8DB897QKJA;
				INFOPLIST_FILE = BellmanBindingsTests/Info.plist;
				LD_RUNPATH_SEARCH_PATHS = (
					"$(inherited)",
					"@executable_path/Frameworks",
					"@loader_path/Frameworks",
				);
				PRODUCT_BUNDLE_IDENTIFIER = "inc.matter-labs.BellmanBindingsTests";
				PRODUCT_NAME = "$(TARGET_NAME)";
				SWIFT_VERSION = 5.0;
				TARGETED_DEVICE_FAMILY = "1,2";
			};
			name = Release;
		};
/* End XCBuildConfiguration section */

/* Begin XCConfigurationList section */
		3AE89065224D1B9700D08E99 /* Build configuration list for PBXProject "BellmanBindings" */ = {
			isa = XCConfigurationList;
			buildConfigurations = (
				3AE8907D224D1B9800D08E99 /* Debug */,
				3AE8907E224D1B9800D08E99 /* Release */,
			);
			defaultConfigurationIsVisible = 0;
			defaultConfigurationName = Release;
		};
		3AE8907F224D1B9800D08E99 /* Build configuration list for PBXNativeTarget "BellmanBindings-iOS" */ = {
			isa = XCConfigurationList;
			buildConfigurations = (
				3AE89080224D1B9800D08E99 /* Debug */,
				3AE89081224D1B9800D08E99 /* Release */,
			);
			defaultConfigurationIsVisible = 0;
			defaultConfigurationName = Release;
		};
		3AE89082224D1B9800D08E99 /* Build configuration list for PBXNativeTarget "BellmanBindingsTests-iOS" */ = {
			isa = XCConfigurationList;
			buildConfigurations = (
				3AE89083224D1B9800D08E99 /* Debug */,
				3AE89084224D1B9800D08E99 /* Release */,
			);
			defaultConfigurationIsVisible = 0;
			defaultConfigurationName = Release;
		};
/* End XCConfigurationList section */
	};
	rootObject = 3AE89062224D1B9700D08E99 /* Project object */;
}
